
Microsoft Visual Studio Solution File, Format Version 12.00
# Visual Studio 2012
Project("{FAE04EC0-301F-11D3-BF4B-00C04F79EFBC}") = "_Beans", "..\_Beans\_Beans.csproj", "{AC0DCB24-9B8F-4324-8B6C-85F25DB85206}"
EndProject
Global
	GlobalSection(SolutionConfigurationPlatforms) = preSolution
		Debug|Any CPU = Debug|Any CPU
		Release|Any CPU = Release|Any CPU
	EndGlobalSection
	GlobalSection(ProjectConfigurationPlatforms) = postSolution
		{AC0DCB24-9B8F-4324-8B6C-85F25DB85206}.Debug|Any CPU.ActiveCfg = Debug|Any CPU
		{AC0DCB24-9B8F-4324-8B6C-85F25DB85206}.Debug|Any CPU.Build.0 = Debug|Any CPU
		{AC0DCB24-9B8F-4324-8B6C-85F25DB85206}.Release|Any CPU.ActiveCfg = Release|Any CPU
		{AC0DCB24-9B8F-4324-8B6C-85F25DB85206}.Release|Any CPU.Build.0 = Release|Any CPU
	EndGlobalSection
	GlobalSection(SolutionProperties) = preSolution
		HideSolutionNode = FALSE
	EndGlobalSection
EndGlobal
