
Microsoft Visual Studio Solution File, Format Version 12.00
# Visual Studio 2012
Project("{FAE04EC0-301F-11D3-BF4B-00C04F79EFBC}") = "WebApplication1", "WebApplication1.csproj", "{2E876E04-7F4E-461E-95DD-DAF7A4948F3D}"
EndProject
Project("{FAE04EC0-301F-11D3-BF4B-00C04F79EFBC}") = "WebApplication2", "..\WebApplication2\WebApplication2.csproj", "{ECB56085-3C92-40D0-8ED9-44CCD07468B3}"
EndProject
Project("{FAE04EC0-301F-11D3-BF4B-00C04F79EFBC}") = "MvcApplication1", "..\MvcApplication1\MvcApplication1.csproj", "{4A3EF10F-1845-46B6-81A7-4A511976E13B}"
EndProject
Global
	GlobalSection(SolutionConfigurationPlatforms) = preSolution
		Debug|Any CPU = Debug|Any CPU
		Release|Any CPU = Release|Any CPU
	EndGlobalSection
	GlobalSection(ProjectConfigurationPlatforms) = postSolution
		{2E876E04-7F4E-461E-95DD-DAF7A4948F3D}.Debug|Any CPU.ActiveCfg = Debug|Any CPU
		{2E876E04-7F4E-461E-95DD-DAF7A4948F3D}.Debug|Any CPU.Build.0 = Debug|Any CPU
		{2E876E04-7F4E-461E-95DD-DAF7A4948F3D}.Release|Any CPU.ActiveCfg = Release|Any CPU
		{2E876E04-7F4E-461E-95DD-DAF7A4948F3D}.Release|Any CPU.Build.0 = Release|Any CPU
		{ECB56085-3C92-40D0-8ED9-44CCD07468B3}.Debug|Any CPU.ActiveCfg = Debug|Any CPU
		{ECB56085-3C92-40D0-8ED9-44CCD07468B3}.Debug|Any CPU.Build.0 = Debug|Any CPU
		{ECB56085-3C92-40D0-8ED9-44CCD07468B3}.Release|Any CPU.ActiveCfg = Release|Any CPU
		{ECB56085-3C92-40D0-8ED9-44CCD07468B3}.Release|Any CPU.Build.0 = Release|Any CPU
		{4A3EF10F-1845-46B6-81A7-4A511976E13B}.Debug|Any CPU.ActiveCfg = Debug|Any CPU
		{4A3EF10F-1845-46B6-81A7-4A511976E13B}.Debug|Any CPU.Build.0 = Debug|Any CPU
		{4A3EF10F-1845-46B6-81A7-4A511976E13B}.Release|Any CPU.ActiveCfg = Release|Any CPU
		{4A3EF10F-1845-46B6-81A7-4A511976E13B}.Release|Any CPU.Build.0 = Release|Any CPU
	EndGlobalSection
	GlobalSection(SolutionProperties) = preSolution
		HideSolutionNode = FALSE
	EndGlobalSection
EndGlobal
